
Microsoft Visual Studio Solution File, Format Version 12.00
# Visual Studio Version 17
VisualStudioVersion = 17.9.34714.143
MinimumVisualStudioVersion = 10.0.40219.1
Project("{FAE04EC0-301F-11D3-BF4B-00C04F79EFBC}") = "Testing Copilot", "Testing Copilot\Testing Copilot.csproj", "{351B894B-F255-4BA9-A4EC-9942EA235FF6}"
EndProject
Global
	GlobalSection(SolutionConfigurationPlatforms) = preSolution
		Debug|Any CPU = Debug|Any CPU
		Release|Any CPU = Release|Any CPU
	EndGlobalSection
	GlobalSection(ProjectConfigurationPlatforms) = postSolution
		{351B894B-F255-4BA9-A4EC-9942EA235FF6}.Debug|Any CPU.ActiveCfg = Debug|Any CPU
		{351B894B-F255-4BA9-A4EC-9942EA235FF6}.Debug|Any CPU.Build.0 = Debug|Any CPU
		{351B894B-F255-4BA9-A4EC-9942EA235FF6}.Release|Any CPU.ActiveCfg = Release|Any CPU
		{351B894B-F255-4BA9-A4EC-9942EA235FF6}.Release|Any CPU.Build.0 = Release|Any CPU
	EndGlobalSection
	GlobalSection(SolutionProperties) = preSolution
		HideSolutionNode = FALSE
	EndGlobalSection
	GlobalSection(ExtensibilityGlobals) = postSolution
		SolutionGuid = {D7C2D023-BCC5-476D-9EFC-24424E697102}
	EndGlobalSection
EndGlobal
